// !$*UTF8*$!
{
	archiveVersion = 1;
	classes = {
	};
	objectVersion = 77;
	objects = {

/* Begin PBXBuildFile section */
		704E0A202F4F20E300366B4D /* ARViewContainer.swift in Sources */ = {isa = PBXBuildFile; fileRef = 704E0A1F2F4F20E200366B4D /* ARViewContainer.swift */; };
		704E0A222F4F239900366B4D /* EyePhoneMeter.swift in Sources */ = {isa = PBXBuildFile; fileRef = 704E0A212F4F239900366B4D /* EyePhoneMeter.swift */; };
		704E0A3F2F52637100366B4D /* EyePhoneMeterStatus.swift in Sources */ = {isa = PBXBuildFile; fileRef = 704E0A3E2F52637100366B4D /* EyePhoneMeterStatus.swift */; };
		704E0A412F5464E600366B4D /* SettingsView.swift in Sources */ = {isa = PBXBuildFile; fileRef = 704E0A402F5464E500366B4D /* SettingsView.swift */; };
		704E0A452F5465BA00366B4D /* UserDefaults+Extension.swift in Sources */ = {isa = PBXBuildFile; fileRef = 704E0A442F5465BA00366B4D /* UserDefaults+Extension.swift */; };
		704E0A482F55C30500366B4D /* CameraAccessManager.swift in Sources */ = {isa = PBXBuildFile; fileRef = 704E0A472F55C30500366B4D /* CameraAccessManager.swift */; };
		707E6C952F4C1FDE008CC120 /* MeasurementView.swift in Sources */ = {isa = PBXBuildFile; fileRef = 707E6C922F4C1FDE008CC120 /* MeasurementView.swift */; };
		707E6C962F4C1FDE008CC120 /* EyePhoneMeterApp.swift in Sources */ = {isa = PBXBuildFile; fileRef = 707E6C932F4C1FDE008CC120 /* EyePhoneMeterApp.swift */; };
		707E6C972F4C1FDE008CC120 /* Assets.xcassets in Resources */ = {isa = PBXBuildFile; fileRef = 707E6C912F4C1FDE008CC120 /* Assets.xcassets */; };
/* End PBXBuildFile section */

/* Begin PBXFileReference section */
		704E0A1F2F4F20E200366B4D /* ARViewContainer.swift */ = {isa = PBXFileReference; lastKnownFileType = sourcecode.swift; path = ARViewContainer.swift; sourceTree = "<group>"; };
		704E0A212F4F239900366B4D /* EyePhoneMeter.swift */ = {isa = PBXFileReference; lastKnownFileType = sourcecode.swift; path = EyePhoneMeter.swift; sourceTree = "<group>"; };
		704E0A232F4F292400366B4D /* Info.plist */ = {isa = PBXFileReference; lastKnownFileType = text.plist.xml; path = Info.plist; sourceTree = "<group>"; };
		704E0A3E2F52637100366B4D /* EyePhoneMeterStatus.swift */ = {isa = PBXFileReference; lastKnownFileType = sourcecode.swift; path = EyePhoneMeterStatus.swift; sourceTree = "<group>"; };
		704E0A402F5464E500366B4D /* SettingsView.swift */ = {isa = PBXFileReference; lastKnownFileType = sourcecode.swift; path = SettingsView.swift; sourceTree = "<group>"; };
		704E0A442F5465BA00366B4D /* UserDefaults+Extension.swift */ = {isa = PBXFileReference; lastKnownFileType = sourcecode.swift; path = "UserDefaults+Extension.swift"; sourceTree = "<group>"; };
		704E0A472F55C30500366B4D /* CameraAccessManager.swift */ = {isa = PBXFileReference; lastKnownFileType = sourcecode.swift; path = CameraAccessManager.swift; sourceTree = "<group>"; };
		707E6C7D2F4C1C47008CC120 /* EyePhoneMeter.app */ = {isa = PBXFileReference; explicitFileType = wrapper.application; includeInIndex = 0; path = EyePhoneMeter.app; sourceTree = BUILT_PRODUCTS_DIR; };
		707E6C912F4C1FDE008CC120 /* Assets.xcassets */ = {isa = PBXFileReference; lastKnownFileType = folder.assetcatalog; path = Assets.xcassets; sourceTree = "<group>"; };
		707E6C922F4C1FDE008CC120 /* MeasurementView.swift */ = {isa = PBXFileReference; lastKnownFileType = sourcecode.swift; path = MeasurementView.swift; sourceTree = "<group>"; };
		707E6C932F4C1FDE008CC120 /* EyePhoneMeterApp.swift */ = {isa = PBXFileReference; lastKnownFileType = sourcecode.swift; path = EyePhoneMeterApp.swift; sourceTree = "<group>"; };
/* End PBXFileReference section */

/* Begin PBXFrameworksBuildPhase section */
		707E6C7A2F4C1C47008CC120 /* Frameworks */ = {
			isa = PBXFrameworksBuildPhase;
			buildActionMask = 2147483647;
			files = (
			);
			runOnlyForDeploymentPostprocessing = 0;
		};
/* End PBXFrameworksBuildPhase section */

/* Begin PBXGroup section */
		704E0A3B2F519F6800366B4D /* Model */ = {
			isa = PBXGroup;
			children = (
				704E0A212F4F239900366B4D /* EyePhoneMeter.swift */,
			);
			path = Model;
			sourceTree = "<group>";
		};
		704E0A3C2F51A77D00366B4D /* View */ = {
			isa = PBXGroup;
			children = (
				707E6C922F4C1FDE008CC120 /* MeasurementView.swift */,
				704E0A402F5464E500366B4D /* SettingsView.swift */,
				704E0A1F2F4F20E200366B4D /* ARViewContainer.swift */,
			);
			path = View;
			sourceTree = "<group>";
		};
		704E0A3D2F52635300366B4D /* Type */ = {
			isa = PBXGroup;
			children = (
				704E0A3E2F52637100366B4D /* EyePhoneMeterStatus.swift */,
			);
			path = Type;
			sourceTree = "<group>";
		};
		704E0A432F5465A200366B4D /* Extension */ = {
			isa = PBXGroup;
			children = (
				704E0A442F5465BA00366B4D /* UserDefaults+Extension.swift */,
			);
			path = Extension;
			sourceTree = "<group>";
		};
		704E0A462F55C2EF00366B4D /* Manager */ = {
			isa = PBXGroup;
			children = (
				704E0A472F55C30500366B4D /* CameraAccessManager.swift */,
			);
			path = Manager;
			sourceTree = "<group>";
		};
		707E6C742F4C1C47008CC120 = {
			isa = PBXGroup;
			children = (
				707E6C942F4C1FDE008CC120 /* EyePhoneMeter */,
				707E6C7E2F4C1C47008CC120 /* Products */,
			);
			sourceTree = "<group>";
		};
		707E6C7E2F4C1C47008CC120 /* Products */ = {
			isa = PBXGroup;
			children = (
				707E6C7D2F4C1C47008CC120 /* EyePhoneMeter.app */,
			);
			name = Products;
			sourceTree = "<group>";
		};
		707E6C942F4C1FDE008CC120 /* EyePhoneMeter */ = {
			isa = PBXGroup;
			children = (
				707E6C932F4C1FDE008CC120 /* EyePhoneMeterApp.swift */,
				704E0A3C2F51A77D00366B4D /* View */,
				704E0A3B2F519F6800366B4D /* Model */,
				704E0A462F55C2EF00366B4D /* Manager */,
				704E0A3D2F52635300366B4D /* Type */,
				704E0A432F5465A200366B4D /* Extension */,
				704E0A232F4F292400366B4D /* Info.plist */,
				707E6C912F4C1FDE008CC120 /* Assets.xcassets */,
			);
			path = EyePhoneMeter;
			sourceTree = "<group>";
		};
/* End PBXGroup section */

/* Begin PBXNativeTarget section */
		707E6C7C2F4C1C47008CC120 /* EyePhoneMeter */ = {
			isa = PBXNativeTarget;
			buildConfigurationList = 707E6C882F4C1C49008CC120 /* Build configuration list for PBXNativeTarget "EyePhoneMeter" */;
			buildPhases = (
				707E6C792F4C1C47008CC120 /* Sources */,
				707E6C7A2F4C1C47008CC120 /* Frameworks */,
				707E6C7B2F4C1C47008CC120 /* Resources */,
			);
			buildRules = (
			);
			dependencies = (
			);
			name = EyePhoneMeter;
			packageProductDependencies = (
			);
			productName = EyePhoneMeter;
			productReference = 707E6C7D2F4C1C47008CC120 /* EyePhoneMeter.app */;
			productType = "com.apple.product-type.application";
		};
/* End PBXNativeTarget section */

/* Begin PBXProject section */
		707E6C752F4C1C47008CC120 /* Project object */ = {
			isa = PBXProject;
			attributes = {
				BuildIndependentTargetsInParallel = 1;
				LastSwiftUpdateCheck = 2620;
				LastUpgradeCheck = 2620;
				TargetAttributes = {
					707E6C7C2F4C1C47008CC120 = {
						CreatedOnToolsVersion = 26.2;
					};
				};
			};
			buildConfigurationList = 707E6C782F4C1C47008CC120 /* Build configuration list for PBXProject "EyePhoneMeter" */;
			developmentRegion = en;
			hasScannedForEncodings = 0;
			knownRegions = (
				en,
				Base,
			);
			mainGroup = 707E6C742F4C1C47008CC120;
			minimizedProjectReferenceProxies = 1;
			preferredProjectObjectVersion = 77;
			productRefGroup = 707E6C7E2F4C1C47008CC120 /* Products */;
			projectDirPath = "";
			projectRoot = "";
			targets = (
				707E6C7C2F4C1C47008CC120 /* EyePhoneMeter */,
			);
		};
/* End PBXProject section */

/* Begin PBXResourcesBuildPhase section */
		707E6C7B2F4C1C47008CC120 /* Resources */ = {
			isa = PBXResourcesBuildPhase;
			buildActionMask = 2147483647;
			files = (
				707E6C972F4C1FDE008CC120 /* Assets.xcassets in Resources */,
			);
			runOnlyForDeploymentPostprocessing = 0;
		};
/* End PBXResourcesBuildPhase section */

/* Begin PBXSourcesBuildPhase section */
		707E6C792F4C1C47008CC120 /* Sources */ = {
			isa = PBXSourcesBuildPhase;
			buildActionMask = 2147483647;
			files = (
				707E6C952F4C1FDE008CC120 /* MeasurementView.swift in Sources */,
				707E6C962F4C1FDE008CC120 /* EyePhoneMeterApp.swift in Sources */,
				704E0A482F55C30500366B4D /* CameraAccessManager.swift in Sources */,
				704E0A202F4F20E300366B4D /* ARViewContainer.swift in Sources */,
				704E0A412F5464E600366B4D /* SettingsView.swift in Sources */,
				704E0A3F2F52637100366B4D /* EyePhoneMeterStatus.swift in Sources */,
				704E0A452F5465BA00366B4D /* UserDefaults+Extension.swift in Sources */,
				704E0A222F4F239900366B4D /* EyePhoneMeter.swift in Sources */,
			);
			runOnlyForDeploymentPostprocessing = 0;
		};
/* End PBXSourcesBuildPhase section */

/* Begin XCBuildConfiguration section */
		707E6C862F4C1C49008CC120 /* Debug */ = {
			isa = XCBuildConfiguration;
			buildSettings = {
				ALWAYS_SEARCH_USER_PATHS = NO;
				ASSETCATALOG_COMPILER_GENERATE_SWIFT_ASSET_SYMBOL_EXTENSIONS = YES;
				CLANG_ANALYZER_NONNULL = YES;
				CLANG_ANALYZER_NUMBER_OBJECT_CONVERSION = YES_AGGRESSIVE;
				CLANG_CXX_LANGUAGE_STANDARD = "gnu++20";
				CLANG_ENABLE_MODULES = YES;
				CLANG_ENABLE_OBJC_ARC = YES;
				CLANG_ENABLE_OBJC_WEAK = YES;
				CLANG_WARN_BLOCK_CAPTURE_AUTORELEASING = YES;
				CLANG_WARN_BOOL_CONVERSION = YES;
				CLANG_WARN_COMMA = YES;
				CLANG_WARN_CONSTANT_CONVERSION = YES;
				CLANG_WARN_DEPRECATED_OBJC_IMPLEMENTATIONS = YES;
				CLANG_WARN_DIRECT_OBJC_ISA_USAGE = YES_ERROR;
				CLANG_WARN_DOCUMENTATION_COMMENTS = YES;
				CLANG_WARN_EMPTY_BODY = YES;
				CLANG_WARN_ENUM_CONVERSION = YES;
				CLANG_WARN_INFINITE_RECURSION = YES;
				CLANG_WARN_INT_CONVERSION = YES;
				CLANG_WARN_NON_LITERAL_NULL_CONVERSION = YES;
				CLANG_WARN_OBJC_IMPLICIT_RETAIN_SELF = YES;
				CLANG_WARN_OBJC_LITERAL_CONVERSION = YES;
				CLANG_WARN_OBJC_ROOT_CLASS = YES_ERROR;
				CLANG_WARN_QUOTED_INCLUDE_IN_FRAMEWORK_HEADER = YES;
				CLANG_WARN_RANGE_LOOP_ANALYSIS = YES;
				CLANG_WARN_STRICT_PROTOTYPES = YES;
				CLANG_WARN_SUSPICIOUS_MOVE = YES;
				CLANG_WARN_UNGUARDED_AVAILABILITY = YES_AGGRESSIVE;
				CLANG_WARN_UNREACHABLE_CODE = YES;
				CLANG_WARN__DUPLICATE_METHOD_MATCH = YES;
				COPY_PHASE_STRIP = NO;
				DEBUG_INFORMATION_FORMAT = dwarf;
				DEVELOPMENT_TEAM = 5BHLDCHG6U;
				ENABLE_STRICT_OBJC_MSGSEND = YES;
				ENABLE_TESTABILITY = YES;
				ENABLE_USER_SCRIPT_SANDBOXING = YES;
				GCC_C_LANGUAGE_STANDARD = gnu17;
				GCC_DYNAMIC_NO_PIC = NO;
				GCC_NO_COMMON_BLOCKS = YES;
				GCC_OPTIMIZATION_LEVEL = 0;
				GCC_PREPROCESSOR_DEFINITIONS = (
					"DEBUG=1",
					"$(inherited)",
				);
				GCC_WARN_64_TO_32_BIT_CONVERSION = YES;
				GCC_WARN_ABOUT_RETURN_TYPE = YES_ERROR;
				GCC_WARN_UNDECLARED_SELECTOR = YES;
				GCC_WARN_UNINITIALIZED_AUTOS = YES_AGGRESSIVE;
				GCC_WARN_UNUSED_FUNCTION = YES;
				GCC_WARN_UNUSED_VARIABLE = YES;
				IPHONEOS_DEPLOYMENT_TARGET = 26.2;
				LOCALIZATION_PREFERS_STRING_CATALOGS = YES;
				MTL_ENABLE_DEBUG_INFO = INCLUDE_SOURCE;
				MTL_FAST_MATH = YES;
				ONLY_ACTIVE_ARCH = YES;
				SDKROOT = iphoneos;
				SWIFT_ACTIVE_COMPILATION_CONDITIONS = "DEBUG $(inherited)";
				SWIFT_OPTIMIZATION_LEVEL = "-Onone";
			};
			name = Debug;
		};
		707E6C872F4C1C49008CC120 /* Release */ = {
			isa = XCBuildConfiguration;
			buildSettings = {
				ALWAYS_SEARCH_USER_PATHS = NO;
				ASSETCATALOG_COMPILER_GENERATE_SWIFT_ASSET_SYMBOL_EXTENSIONS = YES;
				CLANG_ANALYZER_NONNULL = YES;
				CLANG_ANALYZER_NUMBER_OBJECT_CONVERSION = YES_AGGRESSIVE;
				CLANG_CXX_LANGUAGE_STANDARD = "gnu++20";
				CLANG_ENABLE_MODULES = YES;
				CLANG_ENABLE_OBJC_ARC = YES;
				CLANG_ENABLE_OBJC_WEAK = YES;
				CLANG_WARN_BLOCK_CAPTURE_AUTORELEASING = YES;
				CLANG_WARN_BOOL_CONVERSION = YES;
				CLANG_WARN_COMMA = YES;
				CLANG_WARN_CONSTANT_CONVERSION = YES;
				CLANG_WARN_DEPRECATED_OBJC_IMPLEMENTATIONS = YES;
				CLANG_WARN_DIRECT_OBJC_ISA_USAGE = YES_ERROR;
				CLANG_WARN_DOCUMENTATION_COMMENTS = YES;
				CLANG_WARN_EMPTY_BODY = YES;
				CLANG_WARN_ENUM_CONVERSION = YES;
				CLANG_WARN_INFINITE_RECURSION = YES;
				CLANG_WARN_INT_CONVERSION = YES;
				CLANG_WARN_NON_LITERAL_NULL_CONVERSION = YES;
				CLANG_WARN_OBJC_IMPLICIT_RETAIN_SELF = YES;
				CLANG_WARN_OBJC_LITERAL_CONVERSION = YES;
				CLANG_WARN_OBJC_ROOT_CLASS = YES_ERROR;
				CLANG_WARN_QUOTED_INCLUDE_IN_FRAMEWORK_HEADER = YES;
				CLANG_WARN_RANGE_LOOP_ANALYSIS = YES;
				CLANG_WARN_STRICT_PROTOTYPES = YES;
				CLANG_WARN_SUSPICIOUS_MOVE = YES;
				CLANG_WARN_UNGUARDED_AVAILABILITY = YES_AGGRESSIVE;
				CLANG_WARN_UNREACHABLE_CODE = YES;
				CLANG_WARN__DUPLICATE_METHOD_MATCH = YES;
				COPY_PHASE_STRIP = NO;
				DEBUG_INFORMATION_FORMAT = "dwarf-with-dsym";
				DEVELOPMENT_TEAM = 5BHLDCHG6U;
				ENABLE_NS_ASSERTIONS = NO;
				ENABLE_STRICT_OBJC_MSGSEND = YES;
				ENABLE_USER_SCRIPT_SANDBOXING = YES;
				GCC_C_LANGUAGE_STANDARD = gnu17;
				GCC_NO_COMMON_BLOCKS = YES;
				GCC_WARN_64_TO_32_BIT_CONVERSION = YES;
				GCC_WARN_ABOUT_RETURN_TYPE = YES_ERROR;
				GCC_WARN_UNDECLARED_SELECTOR = YES;
				GCC_WARN_UNINITIALIZED_AUTOS = YES_AGGRESSIVE;
				GCC_WARN_UNUSED_FUNCTION = YES;
				GCC_WARN_UNUSED_VARIABLE = YES;
				IPHONEOS_DEPLOYMENT_TARGET = 26.2;
				LOCALIZATION_PREFERS_STRING_CATALOGS = YES;
				MTL_ENABLE_DEBUG_INFO = NO;
				MTL_FAST_MATH = YES;
				SDKROOT = iphoneos;
				SWIFT_COMPILATION_MODE = wholemodule;
				VALIDATE_PRODUCT = YES;
			};
			name = Release;
		};
		707E6C892F4C1C49008CC120 /* Debug */ = {
			isa = XCBuildConfiguration;
			buildSettings = {
				ASSETCATALOG_COMPILER_APPICON_NAME = AppIcon;
				ASSETCATALOG_COMPILER_GLOBAL_ACCENT_COLOR_NAME = AccentColor;
				CODE_SIGN_STYLE = Automatic;
				CURRENT_PROJECT_VERSION = 1;
				DEVELOPMENT_TEAM = 5BHLDCHG6U;
				ENABLE_PREVIEWS = YES;
				GENERATE_INFOPLIST_FILE = YES;
				INFOPLIST_FILE = EyePhoneMeter/Info.plist;
				INFOPLIST_KEY_CFBundleDisplayName = "目とスマホ";
				INFOPLIST_KEY_LSApplicationCategoryType = "public.app-category.healthcare-fitness";
				INFOPLIST_KEY_NSCameraUsageDescription = "目とiPhoneの距離を測るため、カメラを許可してください！";
				INFOPLIST_KEY_UIApplicationSceneManifest_Generation = YES;
				INFOPLIST_KEY_UIApplicationSupportsIndirectInputEvents = YES;
				INFOPLIST_KEY_UILaunchScreen_Generation = YES;
				INFOPLIST_KEY_UISupportedInterfaceOrientations = UIInterfaceOrientationPortrait;
				IPHONEOS_DEPLOYMENT_TARGET = 26.0;
				LD_RUNPATH_SEARCH_PATHS = (
					"$(inherited)",
					"@executable_path/Frameworks",
				);
				MARKETING_VERSION = 1.0;
				PRODUCT_BUNDLE_IDENTIFIER = "com.toshiki-app.EyePhoneMeter";
				PRODUCT_NAME = "$(TARGET_NAME)";
				STRING_CATALOG_GENERATE_SYMBOLS = YES;
				SUPPORTED_PLATFORMS = "iphoneos iphonesimulator";
				SUPPORTS_MACCATALYST = NO;
				SUPPORTS_MAC_DESIGNED_FOR_IPHONE_IPAD = NO;
				SUPPORTS_XR_DESIGNED_FOR_IPHONE_IPAD = NO;
				SWIFT_APPROACHABLE_CONCURRENCY = YES;
				SWIFT_DEFAULT_ACTOR_ISOLATION = MainActor;
				SWIFT_EMIT_LOC_STRINGS = YES;
				SWIFT_UPCOMING_FEATURE_MEMBER_IMPORT_VISIBILITY = YES;
				SWIFT_VERSION = 5.0;
				TARGETED_DEVICE_FAMILY = "1,2";
			};
			name = Debug;
		};
		707E6C8A2F4C1C49008CC120 /* Release */ = {
			isa = XCBuildConfiguration;
			buildSettings = {
				ASSETCATALOG_COMPILER_APPICON_NAME = AppIcon;
				ASSETCATALOG_COMPILER_GLOBAL_ACCENT_COLOR_NAME = AccentColor;
				CODE_SIGN_STYLE = Automatic;
				CURRENT_PROJECT_VERSION = 1;
				DEVELOPMENT_TEAM = 5BHLDCHG6U;
				ENABLE_PREVIEWS = YES;
				GENERATE_INFOPLIST_FILE = YES;
				INFOPLIST_FILE = EyePhoneMeter/Info.plist;
				INFOPLIST_KEY_CFBundleDisplayName = "目とスマホ";
				INFOPLIST_KEY_LSApplicationCategoryType = "public.app-category.healthcare-fitness";
				INFOPLIST_KEY_NSCameraUsageDescription = "目とiPhoneの距離を測るため、カメラを許可してください！";
				INFOPLIST_KEY_UIApplicationSceneManifest_Generation = YES;
				INFOPLIST_KEY_UIApplicationSupportsIndirectInputEvents = YES;
				INFOPLIST_KEY_UILaunchScreen_Generation = YES;
				INFOPLIST_KEY_UISupportedInterfaceOrientations = UIInterfaceOrientationPortrait;
				IPHONEOS_DEPLOYMENT_TARGET = 26.0;
				LD_RUNPATH_SEARCH_PATHS = (
					"$(inherited)",
					"@executable_path/Frameworks",
				);
				MARKETING_VERSION = 1.0;
				PRODUCT_BUNDLE_IDENTIFIER = "com.toshiki-app.EyePhoneMeter";
				PRODUCT_NAME = "$(TARGET_NAME)";
				STRING_CATALOG_GENERATE_SYMBOLS = YES;
				SUPPORTED_PLATFORMS = "iphoneos iphonesimulator";
				SUPPORTS_MACCATALYST = NO;
				SUPPORTS_MAC_DESIGNED_FOR_IPHONE_IPAD = NO;
				SUPPORTS_XR_DESIGNED_FOR_IPHONE_IPAD = NO;
				SWIFT_APPROACHABLE_CONCURRENCY = YES;
				SWIFT_DEFAULT_ACTOR_ISOLATION = MainActor;
				SWIFT_EMIT_LOC_STRINGS = YES;
				SWIFT_UPCOMING_FEATURE_MEMBER_IMPORT_VISIBILITY = YES;
				SWIFT_VERSION = 5.0;
				TARGETED_DEVICE_FAMILY = "1,2";
			};
			name = Release;
		};
/* End XCBuildConfiguration section */

/* Begin XCConfigurationList section */
		707E6C782F4C1C47008CC120 /* Build configuration list for PBXProject "EyePhoneMeter" */ = {
			isa = XCConfigurationList;
			buildConfigurations = (
				707E6C862F4C1C49008CC120 /* Debug */,
				707E6C872F4C1C49008CC120 /* Release */,
			);
			defaultConfigurationIsVisible = 0;
			defaultConfigurationName = Release;
		};
		707E6C882F4C1C49008CC120 /* Build configuration list for PBXNativeTarget "EyePhoneMeter" */ = {
			isa = XCConfigurationList;
			buildConfigurations = (
				707E6C892F4C1C49008CC120 /* Debug */,
				707E6C8A2F4C1C49008CC120 /* Release */,
			);
			defaultConfigurationIsVisible = 0;
			defaultConfigurationName = Release;
		};
/* End XCConfigurationList section */
	};
	rootObject = 707E6C752F4C1C47008CC120 /* Project object */;
}
